// !$*UTF8*$!
{
	archiveVersion = 1;
	classes = {
	};
	objectVersion = 51;
	objects = {

/* Begin PBXBuildFile section */
		C86101D00F64EF3C137538B6 /* Pods_keepYourFaceGreat.framework in Frameworks */ = {isa = PBXBuildFile; fileRef = 66F230FF9675720510643657 /* Pods_keepYourFaceGreat.framework */; };
		EB73EE6C257D02B400DC86AE /* AppDelegate.swift in Sources */ = {isa = PBXBuildFile; fileRef = EB73EE6B257D02B400DC86AE /* AppDelegate.swift */; };
		EB73EE6E257D02B400DC86AE /* SceneDelegate.swift in Sources */ = {isa = PBXBuildFile; fileRef = EB73EE6D257D02B400DC86AE /* SceneDelegate.swift */; };
		EB73EE70257D02B400DC86AE /* TutorialViewController.swift in Sources */ = {isa = PBXBuildFile; fileRef = EB73EE6F257D02B400DC86AE /* TutorialViewController.swift */; };
		EB73EE73257D02B400DC86AE /* Main.storyboard in Resources */ = {isa = PBXBuildFile; fileRef = EB73EE71257D02B400DC86AE /* Main.storyboard */; };
		EB73EE75257D02B500DC86AE /* Assets.xcassets in Resources */ = {isa = PBXBuildFile; fileRef = EB73EE74257D02B500DC86AE /* Assets.xcassets */; };
		EB73EE78257D02B500DC86AE /* LaunchScreen.storyboard in Resources */ = {isa = PBXBuildFile; fileRef = EB73EE76257D02B500DC86AE /* LaunchScreen.storyboard */; };
		EBED96A225A2AF79007086CD /* RegisterViewController.swift in Sources */ = {isa = PBXBuildFile; fileRef = EBED96A125A2AF79007086CD /* RegisterViewController.swift */; };
		EBED96A525A2AF8C007086CD /* MorningPhotoViewController.swift in Sources */ = {isa = PBXBuildFile; fileRef = EBED96A425A2AF8C007086CD /* MorningPhotoViewController.swift */; };
		EBED96A825A2AFA1007086CD /* NightPhotoViewController.swift in Sources */ = {isa = PBXBuildFile; fileRef = EBED96A725A2AFA1007086CD /* NightPhotoViewController.swift */; };
		EBED96AB25A2AFD6007086CD /* ResultViewController.swift in Sources */ = {isa = PBXBuildFile; fileRef = EBED96AA25A2AFD6007086CD /* ResultViewController.swift */; };
/* End PBXBuildFile section */

/* Begin PBXFileReference section */
		15B35D936D679562EE679795 /* Pods-keepYourFaceGreat.debug.xcconfig */ = {isa = PBXFileReference; includeInIndex = 1; lastKnownFileType = text.xcconfig; name = "Pods-keepYourFaceGreat.debug.xcconfig"; path = "Target Support Files/Pods-keepYourFaceGreat/Pods-keepYourFaceGreat.debug.xcconfig"; sourceTree = "<group>"; };
		66F230FF9675720510643657 /* Pods_keepYourFaceGreat.framework */ = {isa = PBXFileReference; explicitFileType = wrapper.framework; includeInIndex = 0; path = Pods_keepYourFaceGreat.framework; sourceTree = BUILT_PRODUCTS_DIR; };
		9868A821FB69E2585967E5E7 /* Pods-keepYourFaceGreat.release.xcconfig */ = {isa = PBXFileReference; includeInIndex = 1; lastKnownFileType = text.xcconfig; name = "Pods-keepYourFaceGreat.release.xcconfig"; path = "Target Support Files/Pods-keepYourFaceGreat/Pods-keepYourFaceGreat.release.xcconfig"; sourceTree = "<group>"; };
		EB73EE68257D02B400DC86AE /* keepYourFaceGreat.app */ = {isa = PBXFileReference; explicitFileType = wrapper.application; includeInIndex = 0; path = keepYourFaceGreat.app; sourceTree = BUILT_PRODUCTS_DIR; };
		EB73EE6B257D02B400DC86AE /* AppDelegate.swift */ = {isa = PBXFileReference; lastKnownFileType = sourcecode.swift; path = AppDelegate.swift; sourceTree = "<group>"; };
		EB73EE6D257D02B400DC86AE /* SceneDelegate.swift */ = {isa = PBXFileReference; lastKnownFileType = sourcecode.swift; path = SceneDelegate.swift; sourceTree = "<group>"; };
		EB73EE6F257D02B400DC86AE /* TutorialViewController.swift */ = {isa = PBXFileReference; lastKnownFileType = sourcecode.swift; path = TutorialViewController.swift; sourceTree = "<group>"; };
		EB73EE72257D02B400DC86AE /* Base */ = {isa = PBXFileReference; lastKnownFileType = file.storyboard; name = Base; path = Base.lproj/Main.storyboard; sourceTree = "<group>"; };
		EB73EE74257D02B500DC86AE /* Assets.xcassets */ = {isa = PBXFileReference; lastKnownFileType = folder.assetcatalog; path = Assets.xcassets; sourceTree = "<group>"; };
		EB73EE77257D02B500DC86AE /* Base */ = {isa = PBXFileReference; lastKnownFileType = file.storyboard; name = Base; path = Base.lproj/LaunchScreen.storyboard; sourceTree = "<group>"; };
		EB73EE79257D02B500DC86AE /* Info.plist */ = {isa = PBXFileReference; lastKnownFileType = text.plist.xml; path = Info.plist; sourceTree = "<group>"; };
		EBED96A125A2AF79007086CD /* RegisterViewController.swift */ = {isa = PBXFileReference; lastKnownFileType = sourcecode.swift; path = RegisterViewController.swift; sourceTree = "<group>"; };
		EBED96A425A2AF8C007086CD /* MorningPhotoViewController.swift */ = {isa = PBXFileReference; lastKnownFileType = sourcecode.swift; path = MorningPhotoViewController.swift; sourceTree = "<group>"; };
		EBED96A725A2AFA1007086CD /* NightPhotoViewController.swift */ = {isa = PBXFileReference; lastKnownFileType = sourcecode.swift; path = NightPhotoViewController.swift; sourceTree = "<group>"; };
		EBED96AA25A2AFD6007086CD /* ResultViewController.swift */ = {isa = PBXFileReference; lastKnownFileType = sourcecode.swift; path = ResultViewController.swift; sourceTree = "<group>"; };
/* End PBXFileReference section */

/* Begin PBXFrameworksBuildPhase section */
		EB73EE65257D02B400DC86AE /* Frameworks */ = {
			isa = PBXFrameworksBuildPhase;
			buildActionMask = 2147483647;
			files = (
				C86101D00F64EF3C137538B6 /* Pods_keepYourFaceGreat.framework in Frameworks */,
			);
			runOnlyForDeploymentPostprocessing = 0;
		};
/* End PBXFrameworksBuildPhase section */

/* Begin PBXGroup section */
		BD875B7E9356CFACF53A5C31 /* Pods */ = {
			isa = PBXGroup;
			children = (
				15B35D936D679562EE679795 /* Pods-keepYourFaceGreat.debug.xcconfig */,
				9868A821FB69E2585967E5E7 /* Pods-keepYourFaceGreat.release.xcconfig */,
			);
			path = Pods;
			sourceTree = "<group>";
		};
		DBC6E3113553F772AFFDC1A2 /* Frameworks */ = {
			isa = PBXGroup;
			children = (
				66F230FF9675720510643657 /* Pods_keepYourFaceGreat.framework */,
			);
			name = Frameworks;
			sourceTree = "<group>";
		};
		EB72E3262581DB1A00658939 /* View */ = {
			isa = PBXGroup;
			children = (
				EB73EE71257D02B400DC86AE /* Main.storyboard */,
				EB73EE74257D02B500DC86AE /* Assets.xcassets */,
				EB73EE76257D02B500DC86AE /* LaunchScreen.storyboard */,
			);
			path = View;
			sourceTree = "<group>";
		};
		EB72E3272581DB2000658939 /* Controller */ = {
			isa = PBXGroup;
			children = (
				EB73EE6B257D02B400DC86AE /* AppDelegate.swift */,
				EB73EE6D257D02B400DC86AE /* SceneDelegate.swift */,
				EB73EE6F257D02B400DC86AE /* TutorialViewController.swift */,
				EBED96A125A2AF79007086CD /* RegisterViewController.swift */,
				EBED96A425A2AF8C007086CD /* MorningPhotoViewController.swift */,
				EBED96A725A2AFA1007086CD /* NightPhotoViewController.swift */,
				EBED96AA25A2AFD6007086CD /* ResultViewController.swift */,
			);
			path = Controller;
			sourceTree = "<group>";
		};
		EB72E3282581DB2A00658939 /* Model */ = {
			isa = PBXGroup;
			children = (
			);
			path = Model;
			sourceTree = "<group>";
		};
		EB73EE5F257D02B400DC86AE = {
			isa = PBXGroup;
			children = (
				EB73EE6A257D02B400DC86AE /* keepYourFaceGreat */,
				EB73EE69257D02B400DC86AE /* Products */,
				BD875B7E9356CFACF53A5C31 /* Pods */,
				DBC6E3113553F772AFFDC1A2 /* Frameworks */,
			);
			sourceTree = "<group>";
		};
		EB73EE69257D02B400DC86AE /* Products */ = {
			isa = PBXGroup;
			children = (
				EB73EE68257D02B400DC86AE /* keepYourFaceGreat.app */,
			);
			name = Products;
			sourceTree = "<group>";
		};
		EB73EE6A257D02B400DC86AE /* keepYourFaceGreat */ = {
			isa = PBXGroup;
			children = (
				EB72E3282581DB2A00658939 /* Model */,
				EB72E3272581DB2000658939 /* Controller */,
				EB72E3262581DB1A00658939 /* View */,
				EB73EE79257D02B500DC86AE /* Info.plist */,
			);
			path = keepYourFaceGreat;
			sourceTree = "<group>";
		};
/* End PBXGroup section */

/* Begin PBXNativeTarget section */
		EB73EE67257D02B400DC86AE /* keepYourFaceGreat */ = {
			isa = PBXNativeTarget;
			buildConfigurationList = EB73EE7C257D02B500DC86AE /* Build configuration list for PBXNativeTarget "keepYourFaceGreat" */;
			buildPhases = (
				0BA9E22EE561856AEC0FC071 /* [CP] Check Pods Manifest.lock */,
				EB73EE64257D02B400DC86AE /* Sources */,
				EB73EE65257D02B400DC86AE /* Frameworks */,
				EB73EE66257D02B400DC86AE /* Resources */,
				E2774CFB2C5F6F890812DBE7 /* [CP] Embed Pods Frameworks */,
			);
			buildRules = (
			);
			dependencies = (
			);
			name = keepYourFaceGreat;
			productName = keepYourFaceGreat;
			productReference = EB73EE68257D02B400DC86AE /* keepYourFaceGreat.app */;
			productType = "com.apple.product-type.application";
		};
/* End PBXNativeTarget section */

/* Begin PBXProject section */
		EB73EE60257D02B400DC86AE /* Project object */ = {
			isa = PBXProject;
			attributes = {
				LastSwiftUpdateCheck = 1220;
				LastUpgradeCheck = 1220;
				TargetAttributes = {
					EB73EE67257D02B400DC86AE = {
						CreatedOnToolsVersion = 12.2;
					};
				};
			};
			buildConfigurationList = EB73EE63257D02B400DC86AE /* Build configuration list for PBXProject "keepYourFaceGreat" */;
			compatibilityVersion = "Xcode 9.3";
			developmentRegion = en;
			hasScannedForEncodings = 0;
			knownRegions = (
				en,
				Base,
			);
			mainGroup = EB73EE5F257D02B400DC86AE;
			productRefGroup = EB73EE69257D02B400DC86AE /* Products */;
			projectDirPath = "";
			projectRoot = "";
			targets = (
				EB73EE67257D02B400DC86AE /* keepYourFaceGreat */,
			);
		};
/* End PBXProject section */

/* Begin PBXResourcesBuildPhase section */
		EB73EE66257D02B400DC86AE /* Resources */ = {
			isa = PBXResourcesBuildPhase;
			buildActionMask = 2147483647;
			files = (
				EB73EE78257D02B500DC86AE /* LaunchScreen.storyboard in Resources */,
				EB73EE75257D02B500DC86AE /* Assets.xcassets in Resources */,
				EB73EE73257D02B400DC86AE /* Main.storyboard in Resources */,
			);
			runOnlyForDeploymentPostprocessing = 0;
		};
/* End PBXResourcesBuildPhase section */

/* Begin PBXShellScriptBuildPhase section */
		0BA9E22EE561856AEC0FC071 /* [CP] Check Pods Manifest.lock */ = {
			isa = PBXShellScriptBuildPhase;
			buildActionMask = 2147483647;
			files = (
			);
			inputFileListPaths = (
			);
			inputPaths = (
				"${PODS_PODFILE_DIR_PATH}/Podfile.lock",
				"${PODS_ROOT}/Manifest.lock",
			);
			name = "[CP] Check Pods Manifest.lock";
			outputFileListPaths = (
			);
			outputPaths = (
				"$(DERIVED_FILE_DIR)/Pods-keepYourFaceGreat-checkManifestLockResult.txt",
			);
			runOnlyForDeploymentPostprocessing = 0;
			shellPath = /bin/sh;
			shellScript = "diff \"${PODS_PODFILE_DIR_PATH}/Podfile.lock\" \"${PODS_ROOT}/Manifest.lock\" > /dev/null\nif [ $? != 0 ] ; then\n    # print error to STDERR\n    echo \"error: The sandbox is not in sync with the Podfile.lock. Run 'pod install' or update your CocoaPods installation.\" >&2\n    exit 1\nfi\n# This output is used by Xcode 'outputs' to avoid re-running this script phase.\necho \"SUCCESS\" > \"${SCRIPT_OUTPUT_FILE_0}\"\n";
			showEnvVarsInLog = 0;
		};
		E2774CFB2C5F6F890812DBE7 /* [CP] Embed Pods Frameworks */ = {
			isa = PBXShellScriptBuildPhase;
			buildActionMask = 2147483647;
			files = (
			);
			inputFileListPaths = (
				"${PODS_ROOT}/Target Support Files/Pods-keepYourFaceGreat/Pods-keepYourFaceGreat-frameworks-${CONFIGURATION}-input-files.xcfilelist",
			);
			name = "[CP] Embed Pods Frameworks";
			outputFileListPaths = (
				"${PODS_ROOT}/Target Support Files/Pods-keepYourFaceGreat/Pods-keepYourFaceGreat-frameworks-${CONFIGURATION}-output-files.xcfilelist",
			);
			runOnlyForDeploymentPostprocessing = 0;
			shellPath = /bin/sh;
			shellScript = "\"${PODS_ROOT}/Target Support Files/Pods-keepYourFaceGreat/Pods-keepYourFaceGreat-frameworks.sh\"\n";
			showEnvVarsInLog = 0;
		};
/* End PBXShellScriptBuildPhase section */

/* Begin PBXSourcesBuildPhase section */
		EB73EE64257D02B400DC86AE /* Sources */ = {
			isa = PBXSourcesBuildPhase;
			buildActionMask = 2147483647;
			files = (
				EBED96A525A2AF8C007086CD /* MorningPhotoViewController.swift in Sources */,
				EB73EE70257D02B400DC86AE /* TutorialViewController.swift in Sources */,
				EBED96AB25A2AFD6007086CD /* ResultViewController.swift in Sources */,
				EB73EE6C257D02B400DC86AE /* AppDelegate.swift in Sources */,
				EB73EE6E257D02B400DC86AE /* SceneDelegate.swift in Sources */,
				EBED96A825A2AFA1007086CD /* NightPhotoViewController.swift in Sources */,
				EBED96A225A2AF79007086CD /* RegisterViewController.swift in Sources */,
			);
			runOnlyForDeploymentPostprocessing = 0;
		};
/* End PBXSourcesBuildPhase section */

/* Begin PBXVariantGroup section */
		EB73EE71257D02B400DC86AE /* Main.storyboard */ = {
			isa = PBXVariantGroup;
			children = (
				EB73EE72257D02B400DC86AE /* Base */,
			);
			name = Main.storyboard;
			sourceTree = "<group>";
		};
		EB73EE76257D02B500DC86AE /* LaunchScreen.storyboard */ = {
			isa = PBXVariantGroup;
			children = (
				EB73EE77257D02B500DC86AE /* Base */,
			);
			name = LaunchScreen.storyboard;
			sourceTree = "<group>";
		};
/* End PBXVariantGroup section */

/* Begin XCBuildConfiguration section */
		EB73EE7A257D02B500DC86AE /* Debug */ = {
			isa = XCBuildConfiguration;
			buildSettings = {
				ALWAYS_SEARCH_USER_PATHS = NO;
				CLANG_ANALYZER_NONNULL = YES;
				CLANG_ANALYZER_NUMBER_OBJECT_CONVERSION = YES_AGGRESSIVE;
				CLANG_CXX_LANGUAGE_STANDARD = "gnu++14";
				CLANG_CXX_LIBRARY = "libc++";
				CLANG_ENABLE_MODULES = YES;
				CLANG_ENABLE_OBJC_ARC = YES;
				CLANG_ENABLE_OBJC_WEAK = YES;
				CLANG_WARN_BLOCK_CAPTURE_AUTORELEASING = YES;
				CLANG_WARN_BOOL_CONVERSION = YES;
				CLANG_WARN_COMMA = YES;
				CLANG_WARN_CONSTANT_CONVERSION = YES;
				CLANG_WARN_DEPRECATED_OBJC_IMPLEMENTATIONS = YES;
				CLANG_WARN_DIRECT_OBJC_ISA_USAGE = YES_ERROR;
				CLANG_WARN_DOCUMENTATION_COMMENTS = YES;
				CLANG_WARN_EMPTY_BODY = YES;
				CLANG_WARN_ENUM_CONVERSION = YES;
				CLANG_WARN_INFINITE_RECURSION = YES;
				CLANG_WARN_INT_CONVERSION = YES;
				CLANG_WARN_NON_LITERAL_NULL_CONVERSION = YES;
				CLANG_WARN_OBJC_IMPLICIT_RETAIN_SELF = YES;
				CLANG_WARN_OBJC_LITERAL_CONVERSION = YES;
				CLANG_WARN_OBJC_ROOT_CLASS = YES_ERROR;
				CLANG_WARN_QUOTED_INCLUDE_IN_FRAMEWORK_HEADER = YES;
				CLANG_WARN_RANGE_LOOP_ANALYSIS = YES;
				CLANG_WARN_STRICT_PROTOTYPES = YES;
				CLANG_WARN_SUSPICIOUS_MOVE = YES;
				CLANG_WARN_UNGUARDED_AVAILABILITY = YES_AGGRESSIVE;
				CLANG_WARN_UNREACHABLE_CODE = YES;
				CLANG_WARN__DUPLICATE_METHOD_MATCH = YES;
				COPY_PHASE_STRIP = NO;
				DEBUG_INFORMATION_FORMAT = dwarf;
				ENABLE_STRICT_OBJC_MSGSEND = YES;
				ENABLE_TESTABILITY = YES;
				GCC_C_LANGUAGE_STANDARD = gnu11;
				GCC_DYNAMIC_NO_PIC = NO;
				GCC_NO_COMMON_BLOCKS = YES;
				GCC_OPTIMIZATION_LEVEL = 0;
				GCC_PREPROCESSOR_DEFINITIONS = (
					"DEBUG=1",
					"$(inherited)",
				);
				GCC_WARN_64_TO_32_BIT_CONVERSION = YES;
				GCC_WARN_ABOUT_RETURN_TYPE = YES_ERROR;
				GCC_WARN_UNDECLARED_SELECTOR = YES;
				GCC_WARN_UNINITIALIZED_AUTOS = YES_AGGRESSIVE;
				GCC_WARN_UNUSED_FUNCTION = YES;
				GCC_WARN_UNUSED_VARIABLE = YES;
				IPHONEOS_DEPLOYMENT_TARGET = 13.0;
				MTL_ENABLE_DEBUG_INFO = INCLUDE_SOURCE;
				MTL_FAST_MATH = YES;
				ONLY_ACTIVE_ARCH = YES;
				SDKROOT = iphoneos;
				SWIFT_ACTIVE_COMPILATION_CONDITIONS = DEBUG;
				SWIFT_OPTIMIZATION_LEVEL = "-Onone";
			};
			name = Debug;
		};
		EB73EE7B257D02B500DC86AE /* Release */ = {
			isa = XCBuildConfiguration;
			buildSettings = {
				ALWAYS_SEARCH_USER_PATHS = NO;
				CLANG_ANALYZER_NONNULL = YES;
				CLANG_ANALYZER_NUMBER_OBJECT_CONVERSION = YES_AGGRESSIVE;
				CLANG_CXX_LANGUAGE_STANDARD = "gnu++14";
				CLANG_CXX_LIBRARY = "libc++";
				CLANG_ENABLE_MODULES = YES;
				CLANG_ENABLE_OBJC_ARC = YES;
				CLANG_ENABLE_OBJC_WEAK = YES;
				CLANG_WARN_BLOCK_CAPTURE_AUTORELEASING = YES;
				CLANG_WARN_BOOL_CONVERSION = YES;
				CLANG_WARN_COMMA = YES;
				CLANG_WARN_CONSTANT_CONVERSION = YES;
				CLANG_WARN_DEPRECATED_OBJC_IMPLEMENTATIONS = YES;
				CLANG_WARN_DIRECT_OBJC_ISA_USAGE = YES_ERROR;
				CLANG_WARN_DOCUMENTATION_COMMENTS = YES;
				CLANG_WARN_EMPTY_BODY = YES;
				CLANG_WARN_ENUM_CONVERSION = YES;
				CLANG_WARN_INFINITE_RECURSION = YES;
				CLANG_WARN_INT_CONVERSION = YES;
				CLANG_WARN_NON_LITERAL_NULL_CONVERSION = YES;
				CLANG_WARN_OBJC_IMPLICIT_RETAIN_SELF = YES;
				CLANG_WARN_OBJC_LITERAL_CONVERSION = YES;
				CLANG_WARN_OBJC_ROOT_CLASS = YES_ERROR;
				CLANG_WARN_QUOTED_INCLUDE_IN_FRAMEWORK_HEADER = YES;
				CLANG_WARN_RANGE_LOOP_ANALYSIS = YES;
				CLANG_WARN_STRICT_PROTOTYPES = YES;
				CLANG_WARN_SUSPICIOUS_MOVE = YES;
				CLANG_WARN_UNGUARDED_AVAILABILITY = YES_AGGRESSIVE;
				CLANG_WARN_UNREACHABLE_CODE = YES;
				CLANG_WARN__DUPLICATE_METHOD_MATCH = YES;
				COPY_PHASE_STRIP = NO;
				DEBUG_INFORMATION_FORMAT = "dwarf-with-dsym";
				ENABLE_NS_ASSERTIONS = NO;
				ENABLE_STRICT_OBJC_MSGSEND = YES;
				GCC_C_LANGUAGE_STANDARD = gnu11;
				GCC_NO_COMMON_BLOCKS = YES;
				GCC_WARN_64_TO_32_BIT_CONVERSION = YES;
				GCC_WARN_ABOUT_RETURN_TYPE = YES_ERROR;
				GCC_WARN_UNDECLARED_SELECTOR = YES;
				GCC_WARN_UNINITIALIZED_AUTOS = YES_AGGRESSIVE;
				GCC_WARN_UNUSED_FUNCTION = YES;
				GCC_WARN_UNUSED_VARIABLE = YES;
				IPHONEOS_DEPLOYMENT_TARGET = 13.0;
				MTL_ENABLE_DEBUG_INFO = NO;
				MTL_FAST_MATH = YES;
				SDKROOT = iphoneos;
				SWIFT_COMPILATION_MODE = wholemodule;
				SWIFT_OPTIMIZATION_LEVEL = "-O";
				VALIDATE_PRODUCT = YES;
			};
			name = Release;
		};
		EB73EE7D257D02B500DC86AE /* Debug */ = {
			isa = XCBuildConfiguration;
			baseConfigurationReference = 15B35D936D679562EE679795 /* Pods-keepYourFaceGreat.debug.xcconfig */;
			buildSettings = {
				ASSETCATALOG_COMPILER_APPICON_NAME = AppIcon;
				ASSETCATALOG_COMPILER_GLOBAL_ACCENT_COLOR_NAME = AccentColor;
				CODE_SIGN_STYLE = Automatic;
				INFOPLIST_FILE = keepYourFaceGreat/Info.plist;
				LD_RUNPATH_SEARCH_PATHS = (
					"$(inherited)",
					"@executable_path/Frameworks",
				);
				PRODUCT_BUNDLE_IDENTIFIER = com.LIAM.keepYourFaceGreat;
				PRODUCT_NAME = "$(TARGET_NAME)";
				SWIFT_VERSION = 5.0;
				TARGETED_DEVICE_FAMILY = "1,2";
			};
			name = Debug;
		};
		EB73EE7E257D02B500DC86AE /* Release */ = {
			isa = XCBuildConfiguration;
			baseConfigurationReference = 9868A821FB69E2585967E5E7 /* Pods-keepYourFaceGreat.release.xcconfig */;
			buildSettings = {
				ASSETCATALOG_COMPILER_APPICON_NAME = AppIcon;
				ASSETCATALOG_COMPILER_GLOBAL_ACCENT_COLOR_NAME = AccentColor;
				CODE_SIGN_STYLE = Automatic;
				INFOPLIST_FILE = keepYourFaceGreat/Info.plist;
				LD_RUNPATH_SEARCH_PATHS = (
					"$(inherited)",
					"@executable_path/Frameworks",
				);
				PRODUCT_BUNDLE_IDENTIFIER = com.LIAM.keepYourFaceGreat;
				PRODUCT_NAME = "$(TARGET_NAME)";
				SWIFT_VERSION = 5.0;
				TARGETED_DEVICE_FAMILY = "1,2";
			};
			name = Release;
		};
/* End XCBuildConfiguration section */

/* Begin XCConfigurationList section */
		EB73EE63257D02B400DC86AE /* Build configuration list for PBXProject "keepYourFaceGreat" */ = {
			isa = XCConfigurationList;
			buildConfigurations = (
				EB73EE7A257D02B500DC86AE /* Debug */,
				EB73EE7B257D02B500DC86AE /* Release */,
			);
			defaultConfigurationIsVisible = 0;
			defaultConfigurationName = Release;
		};
		EB73EE7C257D02B500DC86AE /* Build configuration list for PBXNativeTarget "keepYourFaceGreat" */ = {
			isa = XCConfigurationList;
			buildConfigurations = (
				EB73EE7D257D02B500DC86AE /* Debug */,
				EB73EE7E257D02B500DC86AE /* Release */,
			);
			defaultConfigurationIsVisible = 0;
			defaultConfigurationName = Release;
		};
/* End XCConfigurationList section */
	};
	rootObject = EB73EE60257D02B400DC86AE /* Project object */;
}
